
Microsoft Visual Studio Solution File, Format Version 12.00
# Visual Studio 15
VisualStudioVersion = 15.0.28307.902
MinimumVisualStudioVersion = 10.0.40219.1
Project("{FAE04EC0-301F-11D3-BF4B-00C04F79EFBC}") = "AppTarefasXamarin.Android", "AppTarefasXamarin\AppTarefasXamarin.Android\AppTarefasXamarin.Android.csproj", "{AC8D41CB-9661-4348-8EDA-20CC19083711}"
EndProject
Project("{FAE04EC0-301F-11D3-BF4B-00C04F79EFBC}") = "AppTarefasXamarin.iOS", "AppTarefasXamarin\AppTarefasXamarin.iOS\AppTarefasXamarin.iOS.csproj", "{28C93179-C4AD-4860-847B-EA08EF58AEA8}"
EndProject
Project("{FAE04EC0-301F-11D3-BF4B-00C04F79EFBC}") = "AppTarefasXamarin.UWP", "AppTarefasXamarin\AppTarefasXamarin.UWP\AppTarefasXamarin.UWP.csproj", "{6F36103F-74B5-4A93-B5C0-27493111ACCC}"
EndProject
Project("{FAE04EC0-301F-11D3-BF4B-00C04F79EFBC}") = "AppTarefasXamarin", "AppTarefasXamarin\AppTarefasXamarin\AppTarefasXamarin.csproj", "{2E56E952-DAC3-417E-956F-B4C1E9EA4554}"
EndProject
Global
	GlobalSection(SolutionConfigurationPlatforms) = preSolution
		Ad-Hoc|Any CPU = Ad-Hoc|Any CPU
		Ad-Hoc|ARM = Ad-Hoc|ARM
		Ad-Hoc|iPhone = Ad-Hoc|iPhone
		Ad-Hoc|iPhoneSimulator = Ad-Hoc|iPhoneSimulator
		Ad-Hoc|x64 = Ad-Hoc|x64
		Ad-Hoc|x86 = Ad-Hoc|x86
		AppStore|Any CPU = AppStore|Any CPU
		AppStore|ARM = AppStore|ARM
		AppStore|iPhone = AppStore|iPhone
		AppStore|iPhoneSimulator = AppStore|iPhoneSimulator
		AppStore|x64 = AppStore|x64
		AppStore|x86 = AppStore|x86
		Debug|Any CPU = Debug|Any CPU
		Debug|ARM = Debug|ARM
		Debug|iPhone = Debug|iPhone
		Debug|iPhoneSimulator = Debug|iPhoneSimulator
		Debug|x64 = Debug|x64
		Debug|x86 = Debug|x86
		Release|Any CPU = Release|Any CPU
		Release|ARM = Release|ARM
		Release|iPhone = Release|iPhone
		Release|iPhoneSimulator = Release|iPhoneSimulator
		Release|x64 = Release|x64
		Release|x86 = Release|x86
	EndGlobalSection
	GlobalSection(ProjectConfigurationPlatforms) = postSolution
		{AC8D41CB-9661-4348-8EDA-20CC19083711}.Ad-Hoc|Any CPU.ActiveCfg = Release|Any CPU
		{AC8D41CB-9661-4348-8EDA-20CC19083711}.Ad-Hoc|Any CPU.Build.0 = Release|Any CPU
		{AC8D41CB-9661-4348-8EDA-20CC19083711}.Ad-Hoc|Any CPU.Deploy.0 = Release|Any CPU
		{AC8D41CB-9661-4348-8EDA-20CC19083711}.Ad-Hoc|ARM.ActiveCfg = Release|Any CPU
		{AC8D41CB-9661-4348-8EDA-20CC19083711}.Ad-Hoc|ARM.Build.0 = Release|Any CPU
		{AC8D41CB-9661-4348-8EDA-20CC19083711}.Ad-Hoc|ARM.Deploy.0 = Release|Any CPU
		{AC8D41CB-9661-4348-8EDA-20CC19083711}.Ad-Hoc|iPhone.ActiveCfg = Release|Any CPU
		{AC8D41CB-9661-4348-8EDA-20CC19083711}.Ad-Hoc|iPhone.Build.0 = Release|Any CPU
		{AC8D41CB-9661-4348-8EDA-20CC19083711}.Ad-Hoc|iPhone.Deploy.0 = Release|Any CPU
		{AC8D41CB-9661-4348-8EDA-20CC19083711}.Ad-Hoc|iPhoneSimulator.ActiveCfg = Release|Any CPU
		{AC8D41CB-9661-4348-8EDA-20CC19083711}.Ad-Hoc|iPhoneSimulator.Build.0 = Release|Any CPU
		{AC8D41CB-9661-4348-8EDA-20CC19083711}.Ad-Hoc|iPhoneSimulator.Deploy.0 = Release|Any CPU
		{AC8D41CB-9661-4348-8EDA-20CC19083711}.Ad-Hoc|x64.ActiveCfg = Release|Any CPU
		{AC8D41CB-9661-4348-8EDA-20CC19083711}.Ad-Hoc|x64.Build.0 = Release|Any CPU
		{AC8D41CB-9661-4348-8EDA-20CC19083711}.Ad-Hoc|x64.Deploy.0 = Release|Any CPU
		{AC8D41CB-9661-4348-8EDA-20CC19083711}.Ad-Hoc|x86.ActiveCfg = Release|Any CPU
		{AC8D41CB-9661-4348-8EDA-20CC19083711}.Ad-Hoc|x86.Build.0 = Release|Any CPU
		{AC8D41CB-9661-4348-8EDA-20CC19083711}.Ad-Hoc|x86.Deploy.0 = Release|Any CPU
		{AC8D41CB-9661-4348-8EDA-20CC19083711}.AppStore|Any CPU.ActiveCfg = Release|Any CPU
		{AC8D41CB-9661-4348-8EDA-20CC19083711}.AppStore|Any CPU.Build.0 = Release|Any CPU
		{AC8D41CB-9661-4348-8EDA-20CC19083711}.AppStore|Any CPU.Deploy.0 = Release|Any CPU
		{AC8D41CB-9661-4348-8EDA-20CC19083711}.AppStore|ARM.ActiveCfg = Release|Any CPU
		{AC8D41CB-9661-4348-8EDA-20CC19083711}.AppStore|ARM.Build.0 = Release|Any CPU
		{AC8D41CB-9661-4348-8EDA-20CC19083711}.AppStore|ARM.Deploy.0 = Release|Any CPU
		{AC8D41CB-9661-4348-8EDA-20CC19083711}.AppStore|iPhone.ActiveCfg = Release|Any CPU
		{AC8D41CB-9661-4348-8EDA-20CC19083711}.AppStore|iPhone.Build.0 = Release|Any CPU
		{AC8D41CB-9661-4348-8EDA-20CC19083711}.AppStore|iPhone.Deploy.0 = Release|Any CPU
		{AC8D41CB-9661-4348-8EDA-20CC19083711}.AppStore|iPhoneSimulator.ActiveCfg = Release|Any CPU
		{AC8D41CB-9661-4348-8EDA-20CC19083711}.AppStore|iPhoneSimulator.Build.0 = Release|Any CPU
		{AC8D41CB-9661-4348-8EDA-20CC19083711}.AppStore|iPhoneSimulator.Deploy.0 = Release|Any CPU
		{AC8D41CB-9661-4348-8EDA-20CC19083711}.AppStore|x64.ActiveCfg = Release|Any CPU
		{AC8D41CB-9661-4348-8EDA-20CC19083711}.AppStore|x64.Build.0 = Release|Any CPU
		{AC8D41CB-9661-4348-8EDA-20CC19083711}.AppStore|x64.Deploy.0 = Release|Any CPU
		{AC8D41CB-9661-4348-8EDA-20CC19083711}.AppStore|x86.ActiveCfg = Release|Any CPU
		{AC8D41CB-9661-4348-8EDA-20CC19083711}.AppStore|x86.Build.0 = Release|Any CPU
		{AC8D41CB-9661-4348-8EDA-20CC19083711}.AppStore|x86.Deploy.0 = Release|Any CPU
		{AC8D41CB-9661-4348-8EDA-20CC19083711}.Debug|Any CPU.ActiveCfg = Debug|Any CPU
		{AC8D41CB-9661-4348-8EDA-20CC19083711}.Debug|Any CPU.Build.0 = Debug|Any CPU
		{AC8D41CB-9661-4348-8EDA-20CC19083711}.Debug|Any CPU.Deploy.0 = Debug|Any CPU
		{AC8D41CB-9661-4348-8EDA-20CC19083711}.Debug|ARM.ActiveCfg = Debug|Any CPU
		{AC8D41CB-9661-4348-8EDA-20CC19083711}.Debug|ARM.Build.0 = Debug|Any CPU
		{AC8D41CB-9661-4348-8EDA-20CC19083711}.Debug|ARM.Deploy.0 = Debug|Any CPU
		{AC8D41CB-9661-4348-8EDA-20CC19083711}.Debug|iPhone.ActiveCfg = Debug|Any CPU
		{AC8D41CB-9661-4348-8EDA-20CC19083711}.Debug|iPhone.Build.0 = Debug|Any CPU
		{AC8D41CB-9661-4348-8EDA-20CC19083711}.Debug|iPhone.Deploy.0 = Debug|Any CPU
		{AC8D41CB-9661-4348-8EDA-20CC19083711}.Debug|iPhoneSimulator.ActiveCfg = Debug|Any CPU
		{AC8D41CB-9661-4348-8EDA-20CC19083711}.Debug|iPhoneSimulator.Build.0 = Debug|Any CPU
		{AC8D41CB-9661-4348-8EDA-20CC19083711}.Debug|iPhoneSimulator.Deploy.0 = Debug|Any CPU
		{AC8D41CB-9661-4348-8EDA-20CC19083711}.Debug|x64.ActiveCfg = Debug|Any CPU
		{AC8D41CB-9661-4348-8EDA-20CC19083711}.Debug|x64.Build.0 = Debug|Any CPU
		{AC8D41CB-9661-4348-8EDA-20CC19083711}.Debug|x64.Deploy.0 = Debug|Any CPU
		{AC8D41CB-9661-4348-8EDA-20CC19083711}.Debug|x86.ActiveCfg = Debug|Any CPU
		{AC8D41CB-9661-4348-8EDA-20CC19083711}.Debug|x86.Build.0 = Debug|Any CPU
		{AC8D41CB-9661-4348-8EDA-20CC19083711}.Debug|x86.Deploy.0 = Debug|Any CPU
		{AC8D41CB-9661-4348-8EDA-20CC19083711}.Release|Any CPU.ActiveCfg = Release|Any CPU
		{AC8D41CB-9661-4348-8EDA-20CC19083711}.Release|Any CPU.Build.0 = Release|Any CPU
		{AC8D41CB-9661-4348-8EDA-20CC19083711}.Release|Any CPU.Deploy.0 = Release|Any CPU
		{AC8D41CB-9661-4348-8EDA-20CC19083711}.Release|ARM.ActiveCfg = Release|Any CPU
		{AC8D41CB-9661-4348-8EDA-20CC19083711}.Release|ARM.Build.0 = Release|Any CPU
		{AC8D41CB-9661-4348-8EDA-20CC19083711}.Release|ARM.Deploy.0 = Release|Any CPU
		{AC8D41CB-9661-4348-8EDA-20CC19083711}.Release|iPhone.ActiveCfg = Release|Any CPU
		{AC8D41CB-9661-4348-8EDA-20CC19083711}.Release|iPhone.Build.0 = Release|Any CPU
		{AC8D41CB-9661-4348-8EDA-20CC19083711}.Release|iPhone.Deploy.0 = Release|Any CPU
		{AC8D41CB-9661-4348-8EDA-20CC19083711}.Release|iPhoneSimulator.ActiveCfg = Release|Any CPU
		{AC8D41CB-9661-4348-8EDA-20CC19083711}.Release|iPhoneSimulator.Build.0 = Release|Any CPU
		{AC8D41CB-9661-4348-8EDA-20CC19083711}.Release|iPhoneSimulator.Deploy.0 = Release|Any CPU
		{AC8D41CB-9661-4348-8EDA-20CC19083711}.Release|x64.ActiveCfg = Release|Any CPU
		{AC8D41CB-9661-4348-8EDA-20CC19083711}.Release|x64.Build.0 = Release|Any CPU
		{AC8D41CB-9661-4348-8EDA-20CC19083711}.Release|x64.Deploy.0 = Release|Any CPU
		{AC8D41CB-9661-4348-8EDA-20CC19083711}.Release|x86.ActiveCfg = Release|Any CPU
		{AC8D41CB-9661-4348-8EDA-20CC19083711}.Release|x86.Build.0 = Release|Any CPU
		{AC8D41CB-9661-4348-8EDA-20CC19083711}.Release|x86.Deploy.0 = Release|Any CPU
		{28C93179-C4AD-4860-847B-EA08EF58AEA8}.Ad-Hoc|Any CPU.ActiveCfg = Ad-Hoc|iPhone
		{28C93179-C4AD-4860-847B-EA08EF58AEA8}.Ad-Hoc|Any CPU.Build.0 = Ad-Hoc|iPhone
		{28C93179-C4AD-4860-847B-EA08EF58AEA8}.Ad-Hoc|Any CPU.Deploy.0 = Ad-Hoc|iPhone
		{28C93179-C4AD-4860-847B-EA08EF58AEA8}.Ad-Hoc|ARM.ActiveCfg = Ad-Hoc|iPhone
		{28C93179-C4AD-4860-847B-EA08EF58AEA8}.Ad-Hoc|ARM.Build.0 = Ad-Hoc|iPhone
		{28C93179-C4AD-4860-847B-EA08EF58AEA8}.Ad-Hoc|ARM.Deploy.0 = Ad-Hoc|iPhone
		{28C93179-C4AD-4860-847B-EA08EF58AEA8}.Ad-Hoc|iPhone.ActiveCfg = Ad-Hoc|iPhone
		{28C93179-C4AD-4860-847B-EA08EF58AEA8}.Ad-Hoc|iPhone.Build.0 = Ad-Hoc|iPhone
		{28C93179-C4AD-4860-847B-EA08EF58AEA8}.Ad-Hoc|iPhone.Deploy.0 = Ad-Hoc|iPhone
		{28C93179-C4AD-4860-847B-EA08EF58AEA8}.Ad-Hoc|iPhoneSimulator.ActiveCfg = Ad-Hoc|iPhoneSimulator
		{28C93179-C4AD-4860-847B-EA08EF58AEA8}.Ad-Hoc|iPhoneSimulator.Build.0 = Ad-Hoc|iPhoneSimulator
		{28C93179-C4AD-4860-847B-EA08EF58AEA8}.Ad-Hoc|iPhoneSimulator.Deploy.0 = Ad-Hoc|iPhoneSimulator
		{28C93179-C4AD-4860-847B-EA08EF58AEA8}.Ad-Hoc|x64.ActiveCfg = Ad-Hoc|iPhone
		{28C93179-C4AD-4860-847B-EA08EF58AEA8}.Ad-Hoc|x64.Build.0 = Ad-Hoc|iPhone
		{28C93179-C4AD-4860-847B-EA08EF58AEA8}.Ad-Hoc|x64.Deploy.0 = Ad-Hoc|iPhone
		{28C93179-C4AD-4860-847B-EA08EF58AEA8}.Ad-Hoc|x86.ActiveCfg = Ad-Hoc|iPhone
		{28C93179-C4AD-4860-847B-EA08EF58AEA8}.Ad-Hoc|x86.Build.0 = Ad-Hoc|iPhone
		{28C93179-C4AD-4860-847B-EA08EF58AEA8}.Ad-Hoc|x86.Deploy.0 = Ad-Hoc|iPhone
		{28C93179-C4AD-4860-847B-EA08EF58AEA8}.AppStore|Any CPU.ActiveCfg = AppStore|iPhone
		{28C93179-C4AD-4860-847B-EA08EF58AEA8}.AppStore|Any CPU.Build.0 = AppStore|iPhone
		{28C93179-C4AD-4860-847B-EA08EF58AEA8}.AppStore|Any CPU.Deploy.0 = AppStore|iPhone
		{28C93179-C4AD-4860-847B-EA08EF58AEA8}.AppStore|ARM.ActiveCfg = AppStore|iPhone
		{28C93179-C4AD-4860-847B-EA08EF58AEA8}.AppStore|ARM.Build.0 = AppStore|iPhone
		{28C93179-C4AD-4860-847B-EA08EF58AEA8}.AppStore|ARM.Deploy.0 = AppStore|iPhone
		{28C93179-C4AD-4860-847B-EA08EF58AEA8}.AppStore|iPhone.ActiveCfg = AppStore|iPhone
		{28C93179-C4AD-4860-847B-EA08EF58AEA8}.AppStore|iPhone.Build.0 = AppStore|iPhone
		{28C93179-C4AD-4860-847B-EA08EF58AEA8}.AppStore|iPhone.Deploy.0 = AppStore|iPhone
		{28C93179-C4AD-4860-847B-EA08EF58AEA8}.AppStore|iPhoneSimulator.ActiveCfg = AppStore|iPhoneSimulator
		{28C93179-C4AD-4860-847B-EA08EF58AEA8}.AppStore|iPhoneSimulator.Build.0 = AppStore|iPhoneSimulator
		{28C93179-C4AD-4860-847B-EA08EF58AEA8}.AppStore|iPhoneSimulator.Deploy.0 = AppStore|iPhoneSimulator
		{28C93179-C4AD-4860-847B-EA08EF58AEA8}.AppStore|x64.ActiveCfg = AppStore|iPhone
		{28C93179-C4AD-4860-847B-EA08EF58AEA8}.AppStore|x64.Build.0 = AppStore|iPhone
		{28C93179-C4AD-4860-847B-EA08EF58AEA8}.AppStore|x64.Deploy.0 = AppStore|iPhone
		{28C93179-C4AD-4860-847B-EA08EF58AEA8}.AppStore|x86.ActiveCfg = AppStore|iPhone
		{28C93179-C4AD-4860-847B-EA08EF58AEA8}.AppStore|x86.Build.0 = AppStore|iPhone
		{28C93179-C4AD-4860-847B-EA08EF58AEA8}.AppStore|x86.Deploy.0 = AppStore|iPhone
		{28C93179-C4AD-4860-847B-EA08EF58AEA8}.Debug|Any CPU.ActiveCfg = Debug|iPhoneSimulator
		{28C93179-C4AD-4860-847B-EA08EF58AEA8}.Debug|Any CPU.Build.0 = Debug|iPhoneSimulator
		{28C93179-C4AD-4860-847B-EA08EF58AEA8}.Debug|Any CPU.Deploy.0 = Debug|iPhoneSimulator
		{28C93179-C4AD-4860-847B-EA08EF58AEA8}.Debug|ARM.ActiveCfg = Debug|iPhone
		{28C93179-C4AD-4860-847B-EA08EF58AEA8}.Debug|ARM.Build.0 = Debug|iPhone
		{28C93179-C4AD-4860-847B-EA08EF58AEA8}.Debug|ARM.Deploy.0 = Debug|iPhone
		{28C93179-C4AD-4860-847B-EA08EF58AEA8}.Debug|iPhone.ActiveCfg = Debug|iPhone
		{28C93179-C4AD-4860-847B-EA08EF58AEA8}.Debug|iPhone.Build.0 = Debug|iPhone
		{28C93179-C4AD-4860-847B-EA08EF58AEA8}.Debug|iPhone.Deploy.0 = Debug|iPhone
		{28C93179-C4AD-4860-847B-EA08EF58AEA8}.Debug|iPhoneSimulator.ActiveCfg = Debug|iPhoneSimulator
		{28C93179-C4AD-4860-847B-EA08EF58AEA8}.Debug|iPhoneSimulator.Build.0 = Debug|iPhoneSimulator
		{28C93179-C4AD-4860-847B-EA08EF58AEA8}.Debug|iPhoneSimulator.Deploy.0 = Debug|iPhoneSimulator
		{28C93179-C4AD-4860-847B-EA08EF58AEA8}.Debug|x64.ActiveCfg = Debug|iPhone
		{28C93179-C4AD-4860-847B-EA08EF58AEA8}.Debug|x64.Build.0 = Debug|iPhone
		{28C93179-C4AD-4860-847B-EA08EF58AEA8}.Debug|x64.Deploy.0 = Debug|iPhone
		{28C93179-C4AD-4860-847B-EA08EF58AEA8}.Debug|x86.ActiveCfg = Debug|iPhone
		{28C93179-C4AD-4860-847B-EA08EF58AEA8}.Debug|x86.Build.0 = Debug|iPhone
		{28C93179-C4AD-4860-847B-EA08EF58AEA8}.Debug|x86.Deploy.0 = Debug|iPhone
		{28C93179-C4AD-4860-847B-EA08EF58AEA8}.Release|Any CPU.ActiveCfg = Release|iPhone
		{28C93179-C4AD-4860-847B-EA08EF58AEA8}.Release|Any CPU.Build.0 = Release|iPhone
		{28C93179-C4AD-4860-847B-EA08EF58AEA8}.Release|Any CPU.Deploy.0 = Release|iPhone
		{28C93179-C4AD-4860-847B-EA08EF58AEA8}.Release|ARM.ActiveCfg = Release|iPhone
		{28C93179-C4AD-4860-847B-EA08EF58AEA8}.Release|ARM.Build.0 = Release|iPhone
		{28C93179-C4AD-4860-847B-EA08EF58AEA8}.Release|ARM.Deploy.0 = Release|iPhone
		{28C93179-C4AD-4860-847B-EA08EF58AEA8}.Release|iPhone.ActiveCfg = Release|iPhone
		{28C93179-C4AD-4860-847B-EA08EF58AEA8}.Release|iPhone.Build.0 = Release|iPhone
		{28C93179-C4AD-4860-847B-EA08EF58AEA8}.Release|iPhone.Deploy.0 = Release|iPhone
		{28C93179-C4AD-4860-847B-EA08EF58AEA8}.Release|iPhoneSimulator.ActiveCfg = Release|iPhoneSimulator
		{28C93179-C4AD-4860-847B-EA08EF58AEA8}.Release|iPhoneSimulator.Build.0 = Release|iPhoneSimulator
		{28C93179-C4AD-4860-847B-EA08EF58AEA8}.Release|iPhoneSimulator.Deploy.0 = Release|iPhoneSimulator
		{28C93179-C4AD-4860-847B-EA08EF58AEA8}.Release|x64.ActiveCfg = Release|iPhone
		{28C93179-C4AD-4860-847B-EA08EF58AEA8}.Release|x64.Build.0 = Release|iPhone
		{28C93179-C4AD-4860-847B-EA08EF58AEA8}.Release|x64.Deploy.0 = Release|iPhone
		{28C93179-C4AD-4860-847B-EA08EF58AEA8}.Release|x86.ActiveCfg = Release|iPhone
		{28C93179-C4AD-4860-847B-EA08EF58AEA8}.Release|x86.Build.0 = Release|iPhone
		{28C93179-C4AD-4860-847B-EA08EF58AEA8}.Release|x86.Deploy.0 = Release|iPhone
		{6F36103F-74B5-4A93-B5C0-27493111ACCC}.Ad-Hoc|Any CPU.ActiveCfg = Release|x86
		{6F36103F-74B5-4A93-B5C0-27493111ACCC}.Ad-Hoc|Any CPU.Build.0 = Release|x86
		{6F36103F-74B5-4A93-B5C0-27493111ACCC}.Ad-Hoc|Any CPU.Deploy.0 = Release|x86
		{6F36103F-74B5-4A93-B5C0-27493111ACCC}.Ad-Hoc|ARM.ActiveCfg = Release|ARM
		{6F36103F-74B5-4A93-B5C0-27493111ACCC}.Ad-Hoc|ARM.Build.0 = Release|ARM
		{6F36103F-74B5-4A93-B5C0-27493111ACCC}.Ad-Hoc|ARM.Deploy.0 = Release|ARM
		{6F36103F-74B5-4A93-B5C0-27493111ACCC}.Ad-Hoc|iPhone.ActiveCfg = Release|x86
		{6F36103F-74B5-4A93-B5C0-27493111ACCC}.Ad-Hoc|iPhone.Build.0 = Release|x86
		{6F36103F-74B5-4A93-B5C0-27493111ACCC}.Ad-Hoc|iPhone.Deploy.0 = Release|x86
		{6F36103F-74B5-4A93-B5C0-27493111ACCC}.Ad-Hoc|iPhoneSimulator.ActiveCfg = Release|x86
		{6F36103F-74B5-4A93-B5C0-27493111ACCC}.Ad-Hoc|iPhoneSimulator.Build.0 = Release|x86
		{6F36103F-74B5-4A93-B5C0-27493111ACCC}.Ad-Hoc|iPhoneSimulator.Deploy.0 = Release|x86
		{6F36103F-74B5-4A93-B5C0-27493111ACCC}.Ad-Hoc|x64.ActiveCfg = Release|x64
		{6F36103F-74B5-4A93-B5C0-27493111ACCC}.Ad-Hoc|x64.Build.0 = Release|x64
		{6F36103F-74B5-4A93-B5C0-27493111ACCC}.Ad-Hoc|x64.Deploy.0 = Release|x64
		{6F36103F-74B5-4A93-B5C0-27493111ACCC}.Ad-Hoc|x86.ActiveCfg = Release|x86
		{6F36103F-74B5-4A93-B5C0-27493111ACCC}.Ad-Hoc|x86.Build.0 = Release|x86
		{6F36103F-74B5-4A93-B5C0-27493111ACCC}.Ad-Hoc|x86.Deploy.0 = Release|x86
		{6F36103F-74B5-4A93-B5C0-27493111ACCC}.AppStore|Any CPU.ActiveCfg = Release|x86
		{6F36103F-74B5-4A93-B5C0-27493111ACCC}.AppStore|Any CPU.Build.0 = Release|x86
		{6F36103F-74B5-4A93-B5C0-27493111ACCC}.AppStore|Any CPU.Deploy.0 = Release|x86
		{6F36103F-74B5-4A93-B5C0-27493111ACCC}.AppStore|ARM.ActiveCfg = Release|ARM
		{6F36103F-74B5-4A93-B5C0-27493111ACCC}.AppStore|ARM.Build.0 = Release|ARM
		{6F36103F-74B5-4A93-B5C0-27493111ACCC}.AppStore|ARM.Deploy.0 = Release|ARM
		{6F36103F-74B5-4A93-B5C0-27493111ACCC}.AppStore|iPhone.ActiveCfg = Release|x86
		{6F36103F-74B5-4A93-B5C0-27493111ACCC}.AppStore|iPhone.Build.0 = Release|x86
		{6F36103F-74B5-4A93-B5C0-27493111ACCC}.AppStore|iPhone.Deploy.0 = Release|x86
		{6F36103F-74B5-4A93-B5C0-27493111ACCC}.AppStore|iPhoneSimulator.ActiveCfg = Release|x86
		{6F36103F-74B5-4A93-B5C0-27493111ACCC}.AppStore|iPhoneSimulator.Build.0 = Release|x86
		{6F36103F-74B5-4A93-B5C0-27493111ACCC}.AppStore|iPhoneSimulator.Deploy.0 = Release|x86
		{6F36103F-74B5-4A93-B5C0-27493111ACCC}.AppStore|x64.ActiveCfg = Release|x64
		{6F36103F-74B5-4A93-B5C0-27493111ACCC}.AppStore|x64.Build.0 = Release|x64
		{6F36103F-74B5-4A93-B5C0-27493111ACCC}.AppStore|x64.Deploy.0 = Release|x64
		{6F36103F-74B5-4A93-B5C0-27493111ACCC}.AppStore|x86.ActiveCfg = Release|x86
		{6F36103F-74B5-4A93-B5C0-27493111ACCC}.AppStore|x86.Build.0 = Release|x86
		{6F36103F-74B5-4A93-B5C0-27493111ACCC}.AppStore|x86.Deploy.0 = Release|x86
		{6F36103F-74B5-4A93-B5C0-27493111ACCC}.Debug|Any CPU.ActiveCfg = Debug|x86
		{6F36103F-74B5-4A93-B5C0-27493111ACCC}.Debug|Any CPU.Build.0 = Debug|x86
		{6F36103F-74B5-4A93-B5C0-27493111ACCC}.Debug|Any CPU.Deploy.0 = Debug|x86
		{6F36103F-74B5-4A93-B5C0-27493111ACCC}.Debug|ARM.ActiveCfg = Debug|ARM
		{6F36103F-74B5-4A93-B5C0-27493111ACCC}.Debug|ARM.Build.0 = Debug|ARM
		{6F36103F-74B5-4A93-B5C0-27493111ACCC}.Debug|ARM.Deploy.0 = Debug|ARM
		{6F36103F-74B5-4A93-B5C0-27493111ACCC}.Debug|iPhone.ActiveCfg = Debug|x86
		{6F36103F-74B5-4A93-B5C0-27493111ACCC}.Debug|iPhone.Build.0 = Debug|x86
		{6F36103F-74B5-4A93-B5C0-27493111ACCC}.Debug|iPhone.Deploy.0 = Debug|x86
		{6F36103F-74B5-4A93-B5C0-27493111ACCC}.Debug|iPhoneSimulator.ActiveCfg = Debug|x86
		{6F36103F-74B5-4A93-B5C0-27493111ACCC}.Debug|iPhoneSimulator.Build.0 = Debug|x86
		{6F36103F-74B5-4A93-B5C0-27493111ACCC}.Debug|iPhoneSimulator.Deploy.0 = Debug|x86
		{6F36103F-74B5-4A93-B5C0-27493111ACCC}.Debug|x64.ActiveCfg = Debug|x64
		{6F36103F-74B5-4A93-B5C0-27493111ACCC}.Debug|x64.Build.0 = Debug|x64
		{6F36103F-74B5-4A93-B5C0-27493111ACCC}.Debug|x64.Deploy.0 = Debug|x64
		{6F36103F-74B5-4A93-B5C0-27493111ACCC}.Debug|x86.ActiveCfg = Debug|x86
		{6F36103F-74B5-4A93-B5C0-27493111ACCC}.Debug|x86.Build.0 = Debug|x86
		{6F36103F-74B5-4A93-B5C0-27493111ACCC}.Debug|x86.Deploy.0 = Debug|x86
		{6F36103F-74B5-4A93-B5C0-27493111ACCC}.Release|Any CPU.ActiveCfg = Release|x86
		{6F36103F-74B5-4A93-B5C0-27493111ACCC}.Release|Any CPU.Build.0 = Release|x86
		{6F36103F-74B5-4A93-B5C0-27493111ACCC}.Release|Any CPU.Deploy.0 = Release|x86
		{6F36103F-74B5-4A93-B5C0-27493111ACCC}.Release|ARM.ActiveCfg = Release|ARM
		{6F36103F-74B5-4A93-B5C0-27493111ACCC}.Release|ARM.Build.0 = Release|ARM
		{6F36103F-74B5-4A93-B5C0-27493111ACCC}.Release|ARM.Deploy.0 = Release|ARM
		{6F36103F-74B5-4A93-B5C0-27493111ACCC}.Release|iPhone.ActiveCfg = Release|x86
		{6F36103F-74B5-4A93-B5C0-27493111ACCC}.Release|iPhone.Build.0 = Release|x86
		{6F36103F-74B5-4A93-B5C0-27493111ACCC}.Release|iPhone.Deploy.0 = Release|x86
		{6F36103F-74B5-4A93-B5C0-27493111ACCC}.Release|iPhoneSimulator.ActiveCfg = Release|x86
		{6F36103F-74B5-4A93-B5C0-27493111ACCC}.Release|iPhoneSimulator.Build.0 = Release|x86
		{6F36103F-74B5-4A93-B5C0-27493111ACCC}.Release|iPhoneSimulator.Deploy.0 = Release|x86
		{6F36103F-74B5-4A93-B5C0-27493111ACCC}.Release|x64.ActiveCfg = Release|x64
		{6F36103F-74B5-4A93-B5C0-27493111ACCC}.Release|x64.Build.0 = Release|x64
		{6F36103F-74B5-4A93-B5C0-27493111ACCC}.Release|x64.Deploy.0 = Release|x64
		{6F36103F-74B5-4A93-B5C0-27493111ACCC}.Release|x86.ActiveCfg = Release|x86
		{6F36103F-74B5-4A93-B5C0-27493111ACCC}.Release|x86.Build.0 = Release|x86
		{6F36103F-74B5-4A93-B5C0-27493111ACCC}.Release|x86.Deploy.0 = Release|x86
		{2E56E952-DAC3-417E-956F-B4C1E9EA4554}.Ad-Hoc|Any CPU.ActiveCfg = Debug|Any CPU
		{2E56E952-DAC3-417E-956F-B4C1E9EA4554}.Ad-Hoc|Any CPU.Build.0 = Debug|Any CPU
		{2E56E952-DAC3-417E-956F-B4C1E9EA4554}.Ad-Hoc|Any CPU.Deploy.0 = Debug|Any CPU
		{2E56E952-DAC3-417E-956F-B4C1E9EA4554}.Ad-Hoc|ARM.ActiveCfg = Debug|Any CPU
		{2E56E952-DAC3-417E-956F-B4C1E9EA4554}.Ad-Hoc|ARM.Build.0 = Debug|Any CPU
		{2E56E952-DAC3-417E-956F-B4C1E9EA4554}.Ad-Hoc|ARM.Deploy.0 = Debug|Any CPU
		{2E56E952-DAC3-417E-956F-B4C1E9EA4554}.Ad-Hoc|iPhone.ActiveCfg = Debug|Any CPU
		{2E56E952-DAC3-417E-956F-B4C1E9EA4554}.Ad-Hoc|iPhone.Build.0 = Debug|Any CPU
		{2E56E952-DAC3-417E-956F-B4C1E9EA4554}.Ad-Hoc|iPhone.Deploy.0 = Debug|Any CPU
		{2E56E952-DAC3-417E-956F-B4C1E9EA4554}.Ad-Hoc|iPhoneSimulator.ActiveCfg = Debug|Any CPU
		{2E56E952-DAC3-417E-956F-B4C1E9EA4554}.Ad-Hoc|iPhoneSimulator.Build.0 = Debug|Any CPU
		{2E56E952-DAC3-417E-956F-B4C1E9EA4554}.Ad-Hoc|iPhoneSimulator.Deploy.0 = Debug|Any CPU
		{2E56E952-DAC3-417E-956F-B4C1E9EA4554}.Ad-Hoc|x64.ActiveCfg = Debug|Any CPU
		{2E56E952-DAC3-417E-956F-B4C1E9EA4554}.Ad-Hoc|x64.Build.0 = Debug|Any CPU
		{2E56E952-DAC3-417E-956F-B4C1E9EA4554}.Ad-Hoc|x64.Deploy.0 = Debug|Any CPU
		{2E56E952-DAC3-417E-956F-B4C1E9EA4554}.Ad-Hoc|x86.ActiveCfg = Debug|Any CPU
		{2E56E952-DAC3-417E-956F-B4C1E9EA4554}.Ad-Hoc|x86.Build.0 = Debug|Any CPU
		{2E56E952-DAC3-417E-956F-B4C1E9EA4554}.Ad-Hoc|x86.Deploy.0 = Debug|Any CPU
		{2E56E952-DAC3-417E-956F-B4C1E9EA4554}.AppStore|Any CPU.ActiveCfg = Debug|Any CPU
		{2E56E952-DAC3-417E-956F-B4C1E9EA4554}.AppStore|Any CPU.Build.0 = Debug|Any CPU
		{2E56E952-DAC3-417E-956F-B4C1E9EA4554}.AppStore|Any CPU.Deploy.0 = Debug|Any CPU
		{2E56E952-DAC3-417E-956F-B4C1E9EA4554}.AppStore|ARM.ActiveCfg = Debug|Any CPU
		{2E56E952-DAC3-417E-956F-B4C1E9EA4554}.AppStore|ARM.Build.0 = Debug|Any CPU
		{2E56E952-DAC3-417E-956F-B4C1E9EA4554}.AppStore|ARM.Deploy.0 = Debug|Any CPU
		{2E56E952-DAC3-417E-956F-B4C1E9EA4554}.AppStore|iPhone.ActiveCfg = Debug|Any CPU
		{2E56E952-DAC3-417E-956F-B4C1E9EA4554}.AppStore|iPhone.Build.0 = Debug|Any CPU
		{2E56E952-DAC3-417E-956F-B4C1E9EA4554}.AppStore|iPhone.Deploy.0 = Debug|Any CPU
		{2E56E952-DAC3-417E-956F-B4C1E9EA4554}.AppStore|iPhoneSimulator.ActiveCfg = Debug|Any CPU
		{2E56E952-DAC3-417E-956F-B4C1E9EA4554}.AppStore|iPhoneSimulator.Build.0 = Debug|Any CPU
		{2E56E952-DAC3-417E-956F-B4C1E9EA4554}.AppStore|iPhoneSimulator.Deploy.0 = Debug|Any CPU
		{2E56E952-DAC3-417E-956F-B4C1E9EA4554}.AppStore|x64.ActiveCfg = Debug|Any CPU
		{2E56E952-DAC3-417E-956F-B4C1E9EA4554}.AppStore|x64.Build.0 = Debug|Any CPU
		{2E56E952-DAC3-417E-956F-B4C1E9EA4554}.AppStore|x64.Deploy.0 = Debug|Any CPU
		{2E56E952-DAC3-417E-956F-B4C1E9EA4554}.AppStore|x86.ActiveCfg = Debug|Any CPU
		{2E56E952-DAC3-417E-956F-B4C1E9EA4554}.AppStore|x86.Build.0 = Debug|Any CPU
		{2E56E952-DAC3-417E-956F-B4C1E9EA4554}.AppStore|x86.Deploy.0 = Debug|Any CPU
		{2E56E952-DAC3-417E-956F-B4C1E9EA4554}.Debug|Any CPU.ActiveCfg = Debug|Any CPU
		{2E56E952-DAC3-417E-956F-B4C1E9EA4554}.Debug|Any CPU.Build.0 = Debug|Any CPU
		{2E56E952-DAC3-417E-956F-B4C1E9EA4554}.Debug|Any CPU.Deploy.0 = Debug|Any CPU
		{2E56E952-DAC3-417E-956F-B4C1E9EA4554}.Debug|ARM.ActiveCfg = Debug|Any CPU
		{2E56E952-DAC3-417E-956F-B4C1E9EA4554}.Debug|ARM.Build.0 = Debug|Any CPU
		{2E56E952-DAC3-417E-956F-B4C1E9EA4554}.Debug|ARM.Deploy.0 = Debug|Any CPU
		{2E56E952-DAC3-417E-956F-B4C1E9EA4554}.Debug|iPhone.ActiveCfg = Debug|Any CPU
		{2E56E952-DAC3-417E-956F-B4C1E9EA4554}.Debug|iPhone.Build.0 = Debug|Any CPU
		{2E56E952-DAC3-417E-956F-B4C1E9EA4554}.Debug|iPhone.Deploy.0 = Debug|Any CPU
		{2E56E952-DAC3-417E-956F-B4C1E9EA4554}.Debug|iPhoneSimulator.ActiveCfg = Debug|Any CPU
		{2E56E952-DAC3-417E-956F-B4C1E9EA4554}.Debug|iPhoneSimulator.Build.0 = Debug|Any CPU
		{2E56E952-DAC3-417E-956F-B4C1E9EA4554}.Debug|iPhoneSimulator.Deploy.0 = Debug|Any CPU
		{2E56E952-DAC3-417E-956F-B4C1E9EA4554}.Debug|x64.ActiveCfg = Debug|Any CPU
		{2E56E952-DAC3-417E-956F-B4C1E9EA4554}.Debug|x64.Build.0 = Debug|Any CPU
		{2E56E952-DAC3-417E-956F-B4C1E9EA4554}.Debug|x64.Deploy.0 = Debug|Any CPU
		{2E56E952-DAC3-417E-956F-B4C1E9EA4554}.Debug|x86.ActiveCfg = Debug|Any CPU
		{2E56E952-DAC3-417E-956F-B4C1E9EA4554}.Debug|x86.Build.0 = Debug|Any CPU
		{2E56E952-DAC3-417E-956F-B4C1E9EA4554}.Debug|x86.Deploy.0 = Debug|Any CPU
		{2E56E952-DAC3-417E-956F-B4C1E9EA4554}.Release|Any CPU.ActiveCfg = Release|Any CPU
		{2E56E952-DAC3-417E-956F-B4C1E9EA4554}.Release|Any CPU.Build.0 = Release|Any CPU
		{2E56E952-DAC3-417E-956F-B4C1E9EA4554}.Release|Any CPU.Deploy.0 = Release|Any CPU
		{2E56E952-DAC3-417E-956F-B4C1E9EA4554}.Release|ARM.ActiveCfg = Release|Any CPU
		{2E56E952-DAC3-417E-956F-B4C1E9EA4554}.Release|ARM.Build.0 = Release|Any CPU
		{2E56E952-DAC3-417E-956F-B4C1E9EA4554}.Release|ARM.Deploy.0 = Release|Any CPU
		{2E56E952-DAC3-417E-956F-B4C1E9EA4554}.Release|iPhone.ActiveCfg = Release|Any CPU
		{2E56E952-DAC3-417E-956F-B4C1E9EA4554}.Release|iPhone.Build.0 = Release|Any CPU
		{2E56E952-DAC3-417E-956F-B4C1E9EA4554}.Release|iPhone.Deploy.0 = Release|Any CPU
		{2E56E952-DAC3-417E-956F-B4C1E9EA4554}.Release|iPhoneSimulator.ActiveCfg = Release|Any CPU
		{2E56E952-DAC3-417E-956F-B4C1E9EA4554}.Release|iPhoneSimulator.Build.0 = Release|Any CPU
		{2E56E952-DAC3-417E-956F-B4C1E9EA4554}.Release|iPhoneSimulator.Deploy.0 = Release|Any CPU
		{2E56E952-DAC3-417E-956F-B4C1E9EA4554}.Release|x64.ActiveCfg = Release|Any CPU
		{2E56E952-DAC3-417E-956F-B4C1E9EA4554}.Release|x64.Build.0 = Release|Any CPU
		{2E56E952-DAC3-417E-956F-B4C1E9EA4554}.Release|x64.Deploy.0 = Release|Any CPU
		{2E56E952-DAC3-417E-956F-B4C1E9EA4554}.Release|x86.ActiveCfg = Release|Any CPU
		{2E56E952-DAC3-417E-956F-B4C1E9EA4554}.Release|x86.Build.0 = Release|Any CPU
		{2E56E952-DAC3-417E-956F-B4C1E9EA4554}.Release|x86.Deploy.0 = Release|Any CPU
	EndGlobalSection
	GlobalSection(SolutionProperties) = preSolution
		HideSolutionNode = FALSE
	EndGlobalSection
	GlobalSection(ExtensibilityGlobals) = postSolution
		SolutionGuid = {4829B9BD-1198-4A54-9CCD-FCFBD66F9D3B}
	EndGlobalSection
EndGlobal
